
Microsoft Visual Studio Solution File, Format Version 12.00
# Visual Studio Version 17
VisualStudioVersion = 17.8.34511.84
MinimumVisualStudioVersion = 10.0.40219.1
Project("{FAE04EC0-301F-11D3-BF4B-00C04F79EFBC}") = "Final Test 2", "Final Test 2\Final Test 2.csproj", "{E0F8674C-B094-46C8-998F-ED119DACA620}"
EndProject
Global
	GlobalSection(SolutionConfigurationPlatforms) = preSolution
		Debug|Any CPU = Debug|Any CPU
		Release|Any CPU = Release|Any CPU
	EndGlobalSection
	GlobalSection(ProjectConfigurationPlatforms) = postSolution
		{E0F8674C-B094-46C8-998F-ED119DACA620}.Debug|Any CPU.ActiveCfg = Debug|Any CPU
		{E0F8674C-B094-46C8-998F-ED119DACA620}.Debug|Any CPU.Build.0 = Debug|Any CPU
		{E0F8674C-B094-46C8-998F-ED119DACA620}.Release|Any CPU.ActiveCfg = Release|Any CPU
		{E0F8674C-B094-46C8-998F-ED119DACA620}.Release|Any CPU.Build.0 = Release|Any CPU
	EndGlobalSection
	GlobalSection(SolutionProperties) = preSolution
		HideSolutionNode = FALSE
	EndGlobalSection
	GlobalSection(ExtensibilityGlobals) = postSolution
		SolutionGuid = {F2658022-6129-46A2-B70F-467E5E732494}
	EndGlobalSection
EndGlobal
